// !$*UTF8*$!
{
	archiveVersion = 1;
	classes = {
	};
	objectVersion = 46;
	objects = {

/* Begin PBXBuildFile section */
		2929701519A38945007B5A02 /* navi_mask@2x.png in Resources */ = {isa = PBXBuildFile; fileRef = 2929701319A38945007B5A02 /* navi_mask@2x.png */; };
		2929701619A38945007B5A02 /* navi_shadow@2x.png in Resources */ = {isa = PBXBuildFile; fileRef = 2929701419A38945007B5A02 /* navi_shadow@2x.png */; };
		29571D2E19A2EC6000675B56 /* SCBarButtonItem.m in Sources */ = {isa = PBXBuildFile; fileRef = 29571D2019A2EC6000675B56 /* SCBarButtonItem.m */; };
		29571D2F19A2EC6000675B56 /* SCNavigationController.m in Sources */ = {isa = PBXBuildFile; fileRef = 29571D2319A2EC6000675B56 /* SCNavigationController.m */; };
		29571D3019A2EC6000675B56 /* SCNavigationItem.m in Sources */ = {isa = PBXBuildFile; fileRef = 29571D2519A2EC6000675B56 /* SCNavigationItem.m */; };
		29571D3119A2EC6000675B56 /* SCNavigationPopAnimation.m in Sources */ = {isa = PBXBuildFile; fileRef = 29571D2719A2EC6000675B56 /* SCNavigationPopAnimation.m */; };
		29571D3219A2EC6000675B56 /* SCNavigationPushAnimation.m in Sources */ = {isa = PBXBuildFile; fileRef = 29571D2919A2EC6000675B56 /* SCNavigationPushAnimation.m */; };
		29571D3319A2EC6000675B56 /* SCViewController+NaviBar.m in Sources */ = {isa = PBXBuildFile; fileRef = 29571D2B19A2EC6000675B56 /* SCViewController+NaviBar.m */; };
		29571D3419A2EC6000675B56 /* SCNavigationBar.m in Sources */ = {isa = PBXBuildFile; fileRef = 29571D2D19A2EC6000675B56 /* SCNavigationBar.m */; };
		29571D3C19A2ED3000675B56 /* ScrollViewFrameAccessor.m in Sources */ = {isa = PBXBuildFile; fileRef = 29571D3919A2ED3000675B56 /* ScrollViewFrameAccessor.m */; };
		29571D3D19A2ED3000675B56 /* ViewFrameAccessor.m in Sources */ = {isa = PBXBuildFile; fileRef = 29571D3B19A2ED3000675B56 /* ViewFrameAccessor.m */; };
		29670A05199D9EEE00B4A59B /* Foundation.framework in Frameworks */ = {isa = PBXBuildFile; fileRef = 29670A04199D9EEE00B4A59B /* Foundation.framework */; };
		29670A07199D9EEE00B4A59B /* CoreGraphics.framework in Frameworks */ = {isa = PBXBuildFile; fileRef = 29670A06199D9EEE00B4A59B /* CoreGraphics.framework */; };
		29670A09199D9EEE00B4A59B /* UIKit.framework in Frameworks */ = {isa = PBXBuildFile; fileRef = 29670A08199D9EEE00B4A59B /* UIKit.framework */; };
		29670A0F199D9EEE00B4A59B /* InfoPlist.strings in Resources */ = {isa = PBXBuildFile; fileRef = 29670A0D199D9EEE00B4A59B /* InfoPlist.strings */; };
		29670A11199D9EEE00B4A59B /* main.m in Sources */ = {isa = PBXBuildFile; fileRef = 29670A10199D9EEE00B4A59B /* main.m */; };
		29670A15199D9EEE00B4A59B /* SCAppDelegate.m in Sources */ = {isa = PBXBuildFile; fileRef = 29670A14199D9EEE00B4A59B /* SCAppDelegate.m */; };
		29670A1B199D9EEE00B4A59B /* SCViewController.m in Sources */ = {isa = PBXBuildFile; fileRef = 29670A1A199D9EEE00B4A59B /* SCViewController.m */; };
		29670A1D199D9EEE00B4A59B /* Images.xcassets in Resources */ = {isa = PBXBuildFile; fileRef = 29670A1C199D9EEE00B4A59B /* Images.xcassets */; };
		29670A24199D9EEF00B4A59B /* XCTest.framework in Frameworks */ = {isa = PBXBuildFile; fileRef = 29670A23199D9EEF00B4A59B /* XCTest.framework */; };
		29670A25199D9EEF00B4A59B /* Foundation.framework in Frameworks */ = {isa = PBXBuildFile; fileRef = 29670A04199D9EEE00B4A59B /* Foundation.framework */; };
		29670A26199D9EEF00B4A59B /* UIKit.framework in Frameworks */ = {isa = PBXBuildFile; fileRef = 29670A08199D9EEE00B4A59B /* UIKit.framework */; };
		29670A2E199D9EEF00B4A59B /* InfoPlist.strings in Resources */ = {isa = PBXBuildFile; fileRef = 29670A2C199D9EEF00B4A59B /* InfoPlist.strings */; };
		29670A30199D9EEF00B4A59B /* SCNavigationTests.m in Sources */ = {isa = PBXBuildFile; fileRef = 29670A2F199D9EEF00B4A59B /* SCNavigationTests.m */; };
/* End PBXBuildFile section */

/* Begin PBXContainerItemProxy section */
		29670A27199D9EEF00B4A59B /* PBXContainerItemProxy */ = {
			isa = PBXContainerItemProxy;
			containerPortal = 296709F9199D9EEE00B4A59B /* Project object */;
			proxyType = 1;
			remoteGlobalIDString = 29670A00199D9EEE00B4A59B;
			remoteInfo = SCNavigation;
		};
/* End PBXContainerItemProxy section */

/* Begin PBXFileReference section */
		2929701319A38945007B5A02 /* navi_mask@2x.png */ = {isa = PBXFileReference; lastKnownFileType = image.png; path = "navi_mask@2x.png"; sourceTree = "<group>"; };
		2929701419A38945007B5A02 /* navi_shadow@2x.png */ = {isa = PBXFileReference; lastKnownFileType = image.png; path = "navi_shadow@2x.png"; sourceTree = "<group>"; };
		29571D1F19A2EC6000675B56 /* SCBarButtonItem.h */ = {isa = PBXFileReference; fileEncoding = 4; lastKnownFileType = sourcecode.c.h; path = SCBarButtonItem.h; sourceTree = "<group>"; };
		29571D2019A2EC6000675B56 /* SCBarButtonItem.m */ = {isa = PBXFileReference; fileEncoding = 4; lastKnownFileType = sourcecode.c.objc; path = SCBarButtonItem.m; sourceTree = "<group>"; };
		29571D2119A2EC6000675B56 /* SCNavigation.h */ = {isa = PBXFileReference; fileEncoding = 4; lastKnownFileType = sourcecode.c.h; path = SCNavigation.h; sourceTree = "<group>"; };
		29571D2219A2EC6000675B56 /* SCNavigationController.h */ = {isa = PBXFileReference; fileEncoding = 4; lastKnownFileType = sourcecode.c.h; path = SCNavigationController.h; sourceTree = "<group>"; };
		29571D2319A2EC6000675B56 /* SCNavigationController.m */ = {isa = PBXFileReference; fileEncoding = 4; lastKnownFileType = sourcecode.c.objc; path = SCNavigationController.m; sourceTree = "<group>"; };
		29571D2419A2EC6000675B56 /* SCNavigationItem.h */ = {isa = PBXFileReference; fileEncoding = 4; lastKnownFileType = sourcecode.c.h; path = SCNavigationItem.h; sourceTree = "<group>"; };
		29571D2519A2EC6000675B56 /* SCNavigationItem.m */ = {isa = PBXFileReference; fileEncoding = 4; lastKnownFileType = sourcecode.c.objc; path = SCNavigationItem.m; sourceTree = "<group>"; };
		29571D2619A2EC6000675B56 /* SCNavigationPopAnimation.h */ = {isa = PBXFileReference; fileEncoding = 4; lastKnownFileType = sourcecode.c.h; path = SCNavigationPopAnimation.h; sourceTree = "<group>"; };
		29571D2719A2EC6000675B56 /* SCNavigationPopAnimation.m */ = {isa = PBXFileReference; fileEncoding = 4; lastKnownFileType = sourcecode.c.objc; path = SCNavigationPopAnimation.m; sourceTree = "<group>"; };
		29571D2819A2EC6000675B56 /* SCNavigationPushAnimation.h */ = {isa = PBXFileReference; fileEncoding = 4; lastKnownFileType = sourcecode.c.h; path = SCNavigationPushAnimation.h; sourceTree = "<group>"; };
		29571D2919A2EC6000675B56 /* SCNavigationPushAnimation.m */ = {isa = PBXFileReference; fileEncoding = 4; lastKnownFileType = sourcecode.c.objc; path = SCNavigationPushAnimation.m; sourceTree = "<group>"; };
		29571D2A19A2EC6000675B56 /* SCViewController+NaviBar.h */ = {isa = PBXFileReference; fileEncoding = 4; lastKnownFileType = sourcecode.c.h; path = "SCViewController+NaviBar.h"; sourceTree = "<group>"; };
		29571D2B19A2EC6000675B56 /* SCViewController+NaviBar.m */ = {isa = PBXFileReference; fileEncoding = 4; lastKnownFileType = sourcecode.c.objc; path = "SCViewController+NaviBar.m"; sourceTree = "<group>"; };
		29571D2C19A2EC6000675B56 /* SCNavigationBar.h */ = {isa = PBXFileReference; fileEncoding = 4; lastKnownFileType = sourcecode.c.h; path = SCNavigationBar.h; sourceTree = "<group>"; };
		29571D2D19A2EC6000675B56 /* SCNavigationBar.m */ = {isa = PBXFileReference; fileEncoding = 4; lastKnownFileType = sourcecode.c.objc; path = SCNavigationBar.m; sourceTree = "<group>"; };
		29571D3719A2ED3000675B56 /* FrameAccessor.h */ = {isa = PBXFileReference; fileEncoding = 4; lastKnownFileType = sourcecode.c.h; path = FrameAccessor.h; sourceTree = "<group>"; };
		29571D3819A2ED3000675B56 /* ScrollViewFrameAccessor.h */ = {isa = PBXFileReference; fileEncoding = 4; lastKnownFileType = sourcecode.c.h; path = ScrollViewFrameAccessor.h; sourceTree = "<group>"; };
		29571D3919A2ED3000675B56 /* ScrollViewFrameAccessor.m */ = {isa = PBXFileReference; fileEncoding = 4; lastKnownFileType = sourcecode.c.objc; path = ScrollViewFrameAccessor.m; sourceTree = "<group>"; };
		29571D3A19A2ED3000675B56 /* ViewFrameAccessor.h */ = {isa = PBXFileReference; fileEncoding = 4; lastKnownFileType = sourcecode.c.h; path = ViewFrameAccessor.h; sourceTree = "<group>"; };
		29571D3B19A2ED3000675B56 /* ViewFrameAccessor.m */ = {isa = PBXFileReference; fileEncoding = 4; lastKnownFileType = sourcecode.c.objc; path = ViewFrameAccessor.m; sourceTree = "<group>"; };
		29670A01199D9EEE00B4A59B /* SCNavigation.app */ = {isa = PBXFileReference; explicitFileType = wrapper.application; includeInIndex = 0; path = SCNavigation.app; sourceTree = BUILT_PRODUCTS_DIR; };
		29670A04199D9EEE00B4A59B /* Foundation.framework */ = {isa = PBXFileReference; lastKnownFileType = wrapper.framework; name = Foundation.framework; path = System/Library/Frameworks/Foundation.framework; sourceTree = SDKROOT; };
		29670A06199D9EEE00B4A59B /* CoreGraphics.framework */ = {isa = PBXFileReference; lastKnownFileType = wrapper.framework; name = CoreGraphics.framework; path = System/Library/Frameworks/CoreGraphics.framework; sourceTree = SDKROOT; };
		29670A08199D9EEE00B4A59B /* UIKit.framework */ = {isa = PBXFileReference; lastKnownFileType = wrapper.framework; name = UIKit.framework; path = System/Library/Frameworks/UIKit.framework; sourceTree = SDKROOT; };
		29670A0C199D9EEE00B4A59B /* SCNavigation-Info.plist */ = {isa = PBXFileReference; lastKnownFileType = text.plist.xml; path = "SCNavigation-Info.plist"; sourceTree = "<group>"; };
		29670A0E199D9EEE00B4A59B /* en */ = {isa = PBXFileReference; lastKnownFileType = text.plist.strings; name = en; path = en.lproj/InfoPlist.strings; sourceTree = "<group>"; };
		29670A10199D9EEE00B4A59B /* main.m */ = {isa = PBXFileReference; lastKnownFileType = sourcecode.c.objc; path = main.m; sourceTree = "<group>"; };
		29670A12199D9EEE00B4A59B /* SCNavigation-Prefix.pch */ = {isa = PBXFileReference; lastKnownFileType = sourcecode.c.h; path = "SCNavigation-Prefix.pch"; sourceTree = "<group>"; };
		29670A13199D9EEE00B4A59B /* SCAppDelegate.h */ = {isa = PBXFileReference; lastKnownFileType = sourcecode.c.h; path = SCAppDelegate.h; sourceTree = "<group>"; };
		29670A14199D9EEE00B4A59B /* SCAppDelegate.m */ = {isa = PBXFileReference; lastKnownFileType = sourcecode.c.objc; path = SCAppDelegate.m; sourceTree = "<group>"; };
		29670A19199D9EEE00B4A59B /* SCViewController.h */ = {isa = PBXFileReference; lastKnownFileType = sourcecode.c.h; path = SCViewController.h; sourceTree = "<group>"; };
		29670A1A199D9EEE00B4A59B /* SCViewController.m */ = {isa = PBXFileReference; lastKnownFileType = sourcecode.c.objc; path = SCViewController.m; sourceTree = "<group>"; };
		29670A1C199D9EEE00B4A59B /* Images.xcassets */ = {isa = PBXFileReference; lastKnownFileType = folder.assetcatalog; path = Images.xcassets; sourceTree = "<group>"; };
		29670A22199D9EEF00B4A59B /* SCNavigationTests.xctest */ = {isa = PBXFileReference; explicitFileType = wrapper.cfbundle; includeInIndex = 0; path = SCNavigationTests.xctest; sourceTree = BUILT_PRODUCTS_DIR; };
		29670A23199D9EEF00B4A59B /* XCTest.framework */ = {isa = PBXFileReference; lastKnownFileType = wrapper.framework; name = XCTest.framework; path = Library/Frameworks/XCTest.framework; sourceTree = DEVELOPER_DIR; };
		29670A2B199D9EEF00B4A59B /* SCNavigationTests-Info.plist */ = {isa = PBXFileReference; lastKnownFileType = text.plist.xml; path = "SCNavigationTests-Info.plist"; sourceTree = "<group>"; };
		29670A2D199D9EEF00B4A59B /* en */ = {isa = PBXFileReference; lastKnownFileType = text.plist.strings; name = en; path = en.lproj/InfoPlist.strings; sourceTree = "<group>"; };
		29670A2F199D9EEF00B4A59B /* SCNavigationTests.m */ = {isa = PBXFileReference; lastKnownFileType = sourcecode.c.objc; path = SCNavigationTests.m; sourceTree = "<group>"; };
/* End PBXFileReference section */

/* Begin PBXFrameworksBuildPhase section */
		296709FE199D9EEE00B4A59B /* Frameworks */ = {
			isa = PBXFrameworksBuildPhase;
			buildActionMask = 2147483647;
			files = (
				29670A07199D9EEE00B4A59B /* CoreGraphics.framework in Frameworks */,
				29670A09199D9EEE00B4A59B /* UIKit.framework in Frameworks */,
				29670A05199D9EEE00B4A59B /* Foundation.framework in Frameworks */,
			);
			runOnlyForDeploymentPostprocessing = 0;
		};
		29670A1F199D9EEF00B4A59B /* Frameworks */ = {
			isa = PBXFrameworksBuildPhase;
			buildActionMask = 2147483647;
			files = (
				29670A24199D9EEF00B4A59B /* XCTest.framework in Frameworks */,
				29670A26199D9EEF00B4A59B /* UIKit.framework in Frameworks */,
				29670A25199D9EEF00B4A59B /* Foundation.framework in Frameworks */,
			);
			runOnlyForDeploymentPostprocessing = 0;
		};
/* End PBXFrameworksBuildPhase section */

/* Begin PBXGroup section */
		2929701219A38945007B5A02 /* Resources */ = {
			isa = PBXGroup;
			children = (
				2929701319A38945007B5A02 /* navi_mask@2x.png */,
				2929701419A38945007B5A02 /* navi_shadow@2x.png */,
			);
			path = Resources;
			sourceTree = "<group>";
		};
		29571D1E19A2EC6000675B56 /* SCNavigation */ = {
			isa = PBXGroup;
			children = (
				2929701219A38945007B5A02 /* Resources */,
				29571D1F19A2EC6000675B56 /* SCBarButtonItem.h */,
				29571D2019A2EC6000675B56 /* SCBarButtonItem.m */,
				29571D2119A2EC6000675B56 /* SCNavigation.h */,
				29571D2219A2EC6000675B56 /* SCNavigationController.h */,
				29571D2319A2EC6000675B56 /* SCNavigationController.m */,
				29571D2419A2EC6000675B56 /* SCNavigationItem.h */,
				29571D2519A2EC6000675B56 /* SCNavigationItem.m */,
				29571D2619A2EC6000675B56 /* SCNavigationPopAnimation.h */,
				29571D2719A2EC6000675B56 /* SCNavigationPopAnimation.m */,
				29571D2819A2EC6000675B56 /* SCNavigationPushAnimation.h */,
				29571D2919A2EC6000675B56 /* SCNavigationPushAnimation.m */,
				29571D2A19A2EC6000675B56 /* SCViewController+NaviBar.h */,
				29571D2B19A2EC6000675B56 /* SCViewController+NaviBar.m */,
				29571D2C19A2EC6000675B56 /* SCNavigationBar.h */,
				29571D2D19A2EC6000675B56 /* SCNavigationBar.m */,
			);
			path = SCNavigation;
			sourceTree = "<group>";
		};
		29571D3519A2ED3000675B56 /* Additions */ = {
			isa = PBXGroup;
			children = (
				29571D3619A2ED3000675B56 /* FrameAccessor */,
			);
			path = Additions;
			sourceTree = "<group>";
		};
		29571D3619A2ED3000675B56 /* FrameAccessor */ = {
			isa = PBXGroup;
			children = (
				29571D3719A2ED3000675B56 /* FrameAccessor.h */,
				29571D3819A2ED3000675B56 /* ScrollViewFrameAccessor.h */,
				29571D3919A2ED3000675B56 /* ScrollViewFrameAccessor.m */,
				29571D3A19A2ED3000675B56 /* ViewFrameAccessor.h */,
				29571D3B19A2ED3000675B56 /* ViewFrameAccessor.m */,
			);
			path = FrameAccessor;
			sourceTree = "<group>";
		};
		296709F8199D9EEE00B4A59B = {
			isa = PBXGroup;
			children = (
				29670A0A199D9EEE00B4A59B /* SCNavigation */,
				29670A29199D9EEF00B4A59B /* SCNavigationTests */,
				29670A03199D9EEE00B4A59B /* Frameworks */,
				29670A02199D9EEE00B4A59B /* Products */,
			);
			sourceTree = "<group>";
		};
		29670A02199D9EEE00B4A59B /* Products */ = {
			isa = PBXGroup;
			children = (
				29670A01199D9EEE00B4A59B /* SCNavigation.app */,
				29670A22199D9EEF00B4A59B /* SCNavigationTests.xctest */,
			);
			name = Products;
			sourceTree = "<group>";
		};
		29670A03199D9EEE00B4A59B /* Frameworks */ = {
			isa = PBXGroup;
			children = (
				29670A04199D9EEE00B4A59B /* Foundation.framework */,
				29670A06199D9EEE00B4A59B /* CoreGraphics.framework */,
				29670A08199D9EEE00B4A59B /* UIKit.framework */,
				29670A23199D9EEF00B4A59B /* XCTest.framework */,
			);
			name = Frameworks;
			sourceTree = "<group>";
		};
		29670A0A199D9EEE00B4A59B /* SCNavigation */ = {
			isa = PBXGroup;
			children = (
				29571D3519A2ED3000675B56 /* Additions */,
				29571D1E19A2EC6000675B56 /* SCNavigation */,
				29670A13199D9EEE00B4A59B /* SCAppDelegate.h */,
				29670A14199D9EEE00B4A59B /* SCAppDelegate.m */,
				29670A19199D9EEE00B4A59B /* SCViewController.h */,
				29670A1A199D9EEE00B4A59B /* SCViewController.m */,
				29670A1C199D9EEE00B4A59B /* Images.xcassets */,
				29670A0B199D9EEE00B4A59B /* Supporting Files */,
			);
			path = SCNavigation;
			sourceTree = "<group>";
		};
		29670A0B199D9EEE00B4A59B /* Supporting Files */ = {
			isa = PBXGroup;
			children = (
				29670A0C199D9EEE00B4A59B /* SCNavigation-Info.plist */,
				29670A0D199D9EEE00B4A59B /* InfoPlist.strings */,
				29670A10199D9EEE00B4A59B /* main.m */,
				29670A12199D9EEE00B4A59B /* SCNavigation-Prefix.pch */,
			);
			name = "Supporting Files";
			sourceTree = "<group>";
		};
		29670A29199D9EEF00B4A59B /* SCNavigationTests */ = {
			isa = PBXGroup;
			children = (
				29670A2F199D9EEF00B4A59B /* SCNavigationTests.m */,
				29670A2A199D9EEF00B4A59B /* Supporting Files */,
			);
			path = SCNavigationTests;
			sourceTree = "<group>";
		};
		29670A2A199D9EEF00B4A59B /* Supporting Files */ = {
			isa = PBXGroup;
			children = (
				29670A2B199D9EEF00B4A59B /* SCNavigationTests-Info.plist */,
				29670A2C199D9EEF00B4A59B /* InfoPlist.strings */,
			);
			name = "Supporting Files";
			sourceTree = "<group>";
		};
/* End PBXGroup section */

/* Begin PBXNativeTarget section */
		29670A00199D9EEE00B4A59B /* SCNavigation */ = {
			isa = PBXNativeTarget;
			buildConfigurationList = 29670A33199D9EEF00B4A59B /* Build configuration list for PBXNativeTarget "SCNavigation" */;
			buildPhases = (
				296709FD199D9EEE00B4A59B /* Sources */,
				296709FE199D9EEE00B4A59B /* Frameworks */,
				296709FF199D9EEE00B4A59B /* Resources */,
			);
			buildRules = (
			);
			dependencies = (
			);
			name = SCNavigation;
			productName = SCNavigation;
			productReference = 29670A01199D9EEE00B4A59B /* SCNavigation.app */;
			productType = "com.apple.product-type.application";
		};
		29670A21199D9EEF00B4A59B /* SCNavigationTests */ = {
			isa = PBXNativeTarget;
			buildConfigurationList = 29670A36199D9EEF00B4A59B /* Build configuration list for PBXNativeTarget "SCNavigationTests" */;
			buildPhases = (
				29670A1E199D9EEF00B4A59B /* Sources */,
				29670A1F199D9EEF00B4A59B /* Frameworks */,
				29670A20199D9EEF00B4A59B /* Resources */,
			);
			buildRules = (
			);
			dependencies = (
				29670A28199D9EEF00B4A59B /* PBXTargetDependency */,
			);
			name = SCNavigationTests;
			productName = SCNavigationTests;
			productReference = 29670A22199D9EEF00B4A59B /* SCNavigationTests.xctest */;
			productType = "com.apple.product-type.bundle.unit-test";
		};
/* End PBXNativeTarget section */

/* Begin PBXProject section */
		296709F9199D9EEE00B4A59B /* Project object */ = {
			isa = PBXProject;
			attributes = {
				CLASSPREFIX = SC;
				LastUpgradeCheck = 0510;
				ORGANIZATIONNAME = Singro;
				TargetAttributes = {
					29670A21199D9EEF00B4A59B = {
						TestTargetID = 29670A00199D9EEE00B4A59B;
					};
				};
			};
			buildConfigurationList = 296709FC199D9EEE00B4A59B /* Build configuration list for PBXProject "SCNavigation" */;
			compatibilityVersion = "Xcode 3.2";
			developmentRegion = English;
			hasScannedForEncodings = 0;
			knownRegions = (
				en,
				Base,
			);
			mainGroup = 296709F8199D9EEE00B4A59B;
			productRefGroup = 29670A02199D9EEE00B4A59B /* Products */;
			projectDirPath = "";
			projectRoot = "";
			targets = (
				29670A00199D9EEE00B4A59B /* SCNavigation */,
				29670A21199D9EEF00B4A59B /* SCNavigationTests */,
			);
		};
/* End PBXProject section */

/* Begin PBXResourcesBuildPhase section */
		296709FF199D9EEE00B4A59B /* Resources */ = {
			isa = PBXResourcesBuildPhase;
			buildActionMask = 2147483647;
			files = (
				29670A1D199D9EEE00B4A59B /* Images.xcassets in Resources */,
				2929701519A38945007B5A02 /* navi_mask@2x.png in Resources */,
				2929701619A38945007B5A02 /* navi_shadow@2x.png in Resources */,
				29670A0F199D9EEE00B4A59B /* InfoPlist.strings in Resources */,
			);
			runOnlyForDeploymentPostprocessing = 0;
		};
		29670A20199D9EEF00B4A59B /* Resources */ = {
			isa = PBXResourcesBuildPhase;
			buildActionMask = 2147483647;
			files = (
				29670A2E199D9EEF00B4A59B /* InfoPlist.strings in Resources */,
			);
			runOnlyForDeploymentPostprocessing = 0;
		};
/* End PBXResourcesBuildPhase section */

/* Begin PBXSourcesBuildPhase section */
		296709FD199D9EEE00B4A59B /* Sources */ = {
			isa = PBXSourcesBuildPhase;
			buildActionMask = 2147483647;
			files = (
				29571D3019A2EC6000675B56 /* SCNavigationItem.m in Sources */,
				29571D3119A2EC6000675B56 /* SCNavigationPopAnimation.m in Sources */,
				29571D3C19A2ED3000675B56 /* ScrollViewFrameAccessor.m in Sources */,
				29571D2F19A2EC6000675B56 /* SCNavigationController.m in Sources */,
				29670A15199D9EEE00B4A59B /* SCAppDelegate.m in Sources */,
				29571D3219A2EC6000675B56 /* SCNavigationPushAnimation.m in Sources */,
				29571D3419A2EC6000675B56 /* SCNavigationBar.m in Sources */,
				29670A1B199D9EEE00B4A59B /* SCViewController.m in Sources */,
				29571D3319A2EC6000675B56 /* SCViewController+NaviBar.m in Sources */,
				29571D2E19A2EC6000675B56 /* SCBarButtonItem.m in Sources */,
				29670A11199D9EEE00B4A59B /* main.m in Sources */,
				29571D3D19A2ED3000675B56 /* ViewFrameAccessor.m in Sources */,
			);
			runOnlyForDeploymentPostprocessing = 0;
		};
		29670A1E199D9EEF00B4A59B /* Sources */ = {
			isa = PBXSourcesBuildPhase;
			buildActionMask = 2147483647;
			files = (
				29670A30199D9EEF00B4A59B /* SCNavigationTests.m in Sources */,
			);
			runOnlyForDeploymentPostprocessing = 0;
		};
/* End PBXSourcesBuildPhase section */

/* Begin PBXTargetDependency section */
		29670A28199D9EEF00B4A59B /* PBXTargetDependency */ = {
			isa = PBXTargetDependency;
			target = 29670A00199D9EEE00B4A59B /* SCNavigation */;
			targetProxy = 29670A27199D9EEF00B4A59B /* PBXContainerItemProxy */;
		};
/* End PBXTargetDependency section */

/* Begin PBXVariantGroup section */
		29670A0D199D9EEE00B4A59B /* InfoPlist.strings */ = {
			isa = PBXVariantGroup;
			children = (
				29670A0E199D9EEE00B4A59B /* en */,
			);
			name = InfoPlist.strings;
			sourceTree = "<group>";
		};
		29670A2C199D9EEF00B4A59B /* InfoPlist.strings */ = {
			isa = PBXVariantGroup;
			children = (
				29670A2D199D9EEF00B4A59B /* en */,
			);
			name = InfoPlist.strings;
			sourceTree = "<group>";
		};
/* End PBXVariantGroup section */

/* Begin XCBuildConfiguration section */
		29670A31199D9EEF00B4A59B /* Debug */ = {
			isa = XCBuildConfiguration;
			buildSettings = {
				ALWAYS_SEARCH_USER_PATHS = NO;
				CLANG_CXX_LANGUAGE_STANDARD = "gnu++0x";
				CLANG_CXX_LIBRARY = "libc++";
				CLANG_ENABLE_MODULES = YES;
				CLANG_ENABLE_OBJC_ARC = YES;
				CLANG_WARN_BOOL_CONVERSION = YES;
				CLANG_WARN_CONSTANT_CONVERSION = YES;
				CLANG_WARN_DIRECT_OBJC_ISA_USAGE = YES_ERROR;
				CLANG_WARN_EMPTY_BODY = YES;
				CLANG_WARN_ENUM_CONVERSION = YES;
				CLANG_WARN_INT_CONVERSION = YES;
				CLANG_WARN_OBJC_ROOT_CLASS = YES_ERROR;
				CLANG_WARN__DUPLICATE_METHOD_MATCH = YES;
				"CODE_SIGN_IDENTITY[sdk=iphoneos*]" = "iPhone Developer";
				COPY_PHASE_STRIP = NO;
				GCC_C_LANGUAGE_STANDARD = gnu99;
				GCC_DYNAMIC_NO_PIC = NO;
				GCC_OPTIMIZATION_LEVEL = 0;
				GCC_PREPROCESSOR_DEFINITIONS = (
					"DEBUG=1",
					"$(inherited)",
				);
				GCC_SYMBOLS_PRIVATE_EXTERN = NO;
				GCC_WARN_64_TO_32_BIT_CONVERSION = YES;
				GCC_WARN_ABOUT_RETURN_TYPE = YES_ERROR;
				GCC_WARN_UNDECLARED_SELECTOR = YES;
				GCC_WARN_UNINITIALIZED_AUTOS = YES_AGGRESSIVE;
				GCC_WARN_UNUSED_FUNCTION = YES;
				GCC_WARN_UNUSED_VARIABLE = YES;
				IPHONEOS_DEPLOYMENT_TARGET = 7.1;
				ONLY_ACTIVE_ARCH = YES;
				SDKROOT = iphoneos;
			};
			name = Debug;
		};
		29670A32199D9EEF00B4A59B /* Release */ = {
			isa = XCBuildConfiguration;
			buildSettings = {
				ALWAYS_SEARCH_USER_PATHS = NO;
				CLANG_CXX_LANGUAGE_STANDARD = "gnu++0x";
				CLANG_CXX_LIBRARY = "libc++";
				CLANG_ENABLE_MODULES = YES;
				CLANG_ENABLE_OBJC_ARC = YES;
				CLANG_WARN_BOOL_CONVERSION = YES;
				CLANG_WARN_CONSTANT_CONVERSION = YES;
				CLANG_WARN_DIRECT_OBJC_ISA_USAGE = YES_ERROR;
				CLANG_WARN_EMPTY_BODY = YES;
				CLANG_WARN_ENUM_CONVERSION = YES;
				CLANG_WARN_INT_CONVERSION = YES;
				CLANG_WARN_OBJC_ROOT_CLASS = YES_ERROR;
				CLANG_WARN__DUPLICATE_METHOD_MATCH = YES;
				"CODE_SIGN_IDENTITY[sdk=iphoneos*]" = "iPhone Developer";
				COPY_PHASE_STRIP = YES;
				ENABLE_NS_ASSERTIONS = NO;
				GCC_C_LANGUAGE_STANDARD = gnu99;
				GCC_WARN_64_TO_32_BIT_CONVERSION = YES;
				GCC_WARN_ABOUT_RETURN_TYPE = YES_ERROR;
				GCC_WARN_UNDECLARED_SELECTOR = YES;
				GCC_WARN_UNINITIALIZED_AUTOS = YES_AGGRESSIVE;
				GCC_WARN_UNUSED_FUNCTION = YES;
				GCC_WARN_UNUSED_VARIABLE = YES;
				IPHONEOS_DEPLOYMENT_TARGET = 7.1;
				SDKROOT = iphoneos;
				VALIDATE_PRODUCT = YES;
			};
			name = Release;
		};
		29670A34199D9EEF00B4A59B /* Debug */ = {
			isa = XCBuildConfiguration;
			buildSettings = {
				ASSETCATALOG_COMPILER_APPICON_NAME = AppIcon;
				ASSETCATALOG_COMPILER_LAUNCHIMAGE_NAME = LaunchImage;
				GCC_PRECOMPILE_PREFIX_HEADER = YES;
				GCC_PREFIX_HEADER = "SCNavigation/SCNavigation-Prefix.pch";
				INFOPLIST_FILE = "SCNavigation/SCNavigation-Info.plist";
				IPHONEOS_DEPLOYMENT_TARGET = 7.0;
				PRODUCT_NAME = "$(TARGET_NAME)";
				WRAPPER_EXTENSION = app;
			};
			name = Debug;
		};
		29670A35199D9EEF00B4A59B /* Release */ = {
			isa = XCBuildConfiguration;
			buildSettings = {
				ASSETCATALOG_COMPILER_APPICON_NAME = AppIcon;
				ASSETCATALOG_COMPILER_LAUNCHIMAGE_NAME = LaunchImage;
				GCC_PRECOMPILE_PREFIX_HEADER = YES;
				GCC_PREFIX_HEADER = "SCNavigation/SCNavigation-Prefix.pch";
				INFOPLIST_FILE = "SCNavigation/SCNavigation-Info.plist";
				IPHONEOS_DEPLOYMENT_TARGET = 7.0;
				PRODUCT_NAME = "$(TARGET_NAME)";
				WRAPPER_EXTENSION = app;
			};
			name = Release;
		};
		29670A37199D9EEF00B4A59B /* Debug */ = {
			isa = XCBuildConfiguration;
			buildSettings = {
				BUNDLE_LOADER = "$(BUILT_PRODUCTS_DIR)/SCNavigation.app/SCNavigation";
				FRAMEWORK_SEARCH_PATHS = (
					"$(SDKROOT)/Developer/Library/Frameworks",
					"$(inherited)",
					"$(DEVELOPER_FRAMEWORKS_DIR)",
				);
				GCC_PRECOMPILE_PREFIX_HEADER = YES;
				GCC_PREFIX_HEADER = "SCNavigation/SCNavigation-Prefix.pch";
				GCC_PREPROCESSOR_DEFINITIONS = (
					"DEBUG=1",
					"$(inherited)",
				);
				INFOPLIST_FILE = "SCNavigationTests/SCNavigationTests-Info.plist";
				PRODUCT_NAME = "$(TARGET_NAME)";
				TEST_HOST = "$(BUNDLE_LOADER)";
				WRAPPER_EXTENSION = xctest;
			};
			name = Debug;
		};
		29670A38199D9EEF00B4A59B /* Release */ = {
			isa = XCBuildConfiguration;
			buildSettings = {
				BUNDLE_LOADER = "$(BUILT_PRODUCTS_DIR)/SCNavigation.app/SCNavigation";
				FRAMEWORK_SEARCH_PATHS = (
					"$(SDKROOT)/Developer/Library/Frameworks",
					"$(inherited)",
					"$(DEVELOPER_FRAMEWORKS_DIR)",
				);
				GCC_PRECOMPILE_PREFIX_HEADER = YES;
				GCC_PREFIX_HEADER = "SCNavigation/SCNavigation-Prefix.pch";
				INFOPLIST_FILE = "SCNavigationTests/SCNavigationTests-Info.plist";
				PRODUCT_NAME = "$(TARGET_NAME)";
				TEST_HOST = "$(BUNDLE_LOADER)";
				WRAPPER_EXTENSION = xctest;
			};
			name = Release;
		};
/* End XCBuildConfiguration section */

/* Begin XCConfigurationList section */
		296709FC199D9EEE00B4A59B /* Build configuration list for PBXProject "SCNavigation" */ = {
			isa = XCConfigurationList;
			buildConfigurations = (
				29670A31199D9EEF00B4A59B /* Debug */,
				29670A32199D9EEF00B4A59B /* Release */,
			);
			defaultConfigurationIsVisible = 0;
			defaultConfigurationName = Release;
		};
		29670A33199D9EEF00B4A59B /* Build configuration list for PBXNativeTarget "SCNavigation" */ = {
			isa = XCConfigurationList;
			buildConfigurations = (
				29670A34199D9EEF00B4A59B /* Debug */,
				29670A35199D9EEF00B4A59B /* Release */,
			);
			defaultConfigurationIsVisible = 0;
			defaultConfigurationName = Release;
		};
		29670A36199D9EEF00B4A59B /* Build configuration list for PBXNativeTarget "SCNavigationTests" */ = {
			isa = XCConfigurationList;
			buildConfigurations = (
				29670A37199D9EEF00B4A59B /* Debug */,
				29670A38199D9EEF00B4A59B /* Release */,
			);
			defaultConfigurationIsVisible = 0;
			defaultConfigurationName = Release;
		};
/* End XCConfigurationList section */
	};
	rootObject = 296709F9199D9EEE00B4A59B /* Project object */;
}
